PODS:
  - Flutter (1.0.0)
  - flutter_install (0.0.1):
    - Flutter
  - permission_handler (3.3.0):
    - Flutter

DEPENDENCIES:
  - Flutter (from `Flutter`)
  - flutter_install (from `.symlinks/plugins/flutter_install/ios`)
  - permission_handler (from `.symlinks/plugins/permission_handler/ios`)

EXTERNAL SOURCES:
  Flutter:
    :path: Flutter
  flutter_install:
    :path: ".symlinks/plugins/flutter_install/ios"
  permission_handler:
    :path: ".symlinks/plugins/permission_handler/ios"

SPEC CHECKSUMS:
  Flutter: 434fef37c0980e73bb6479ef766c45957d4b510c
  flutter_install: 4a87eb3c2fc8115c40ac54da2a41e0a7427155e8
  permission_handler: 67637977b227d62d46bfbf524f335f8568de5a73

PODFILE CHECKSUM: 8e679eca47255a8ca8067c4c67aab20e64cb974d

COCOAPODS: 1.10.1
